
Microsoft Visual Studio Solution File, Format Version 12.00
# Visual Studio 15
VisualStudioVersion = 15.0.28010.2046
MinimumVisualStudioVersion = 10.0.40219.1
Project("{FAE04EC0-301F-11D3-BF4B-00C04F79EFBC}") = "CompanyDetails", "CompanyDetails\CompanyDetails.csproj", "{3725A98E-CA24-4AF6-B0DA-83A892B080DE}"
EndProject
Project("{FAE04EC0-301F-11D3-BF4B-00C04F79EFBC}") = "CompanyDetails_Test", "..\Company_Test\Company_Test\CompanyDetails_Test.csproj", "{2FF16E27-5C82-45C1-808F-70D3B9DB85A8}"
EndProject
Global
	GlobalSection(SolutionConfigurationPlatforms) = preSolution
		Debug|Any CPU = Debug|Any CPU
		Release|Any CPU = Release|Any CPU
	EndGlobalSection
	GlobalSection(ProjectConfigurationPlatforms) = postSolution
		{3725A98E-CA24-4AF6-B0DA-83A892B080DE}.Debug|Any CPU.ActiveCfg = Debug|Any CPU
		{3725A98E-CA24-4AF6-B0DA-83A892B080DE}.Debug|Any CPU.Build.0 = Debug|Any CPU
		{3725A98E-CA24-4AF6-B0DA-83A892B080DE}.Release|Any CPU.ActiveCfg = Release|Any CPU
		{3725A98E-CA24-4AF6-B0DA-83A892B080DE}.Release|Any CPU.Build.0 = Release|Any CPU
		{2FF16E27-5C82-45C1-808F-70D3B9DB85A8}.Debug|Any CPU.ActiveCfg = Debug|Any CPU
		{2FF16E27-5C82-45C1-808F-70D3B9DB85A8}.Debug|Any CPU.Build.0 = Debug|Any CPU
		{2FF16E27-5C82-45C1-808F-70D3B9DB85A8}.Release|Any CPU.ActiveCfg = Release|Any CPU
		{2FF16E27-5C82-45C1-808F-70D3B9DB85A8}.Release|Any CPU.Build.0 = Release|Any CPU
	EndGlobalSection
	GlobalSection(SolutionProperties) = preSolution
		HideSolutionNode = FALSE
	EndGlobalSection
	GlobalSection(ExtensibilityGlobals) = postSolution
		SolutionGuid = {6202C24A-C6BF-459D-B44E-C0B46B830DC5}
	EndGlobalSection
EndGlobal
